{
  "name": "test-code",
  "version": "1.0.0",
  "lockfileVersion": 1,
  "requires": true,
  "dependencies": {
    "@handsontable/formulajs": {
      "version": "2.0.2",
      "resolved": "https://registry.npm.taobao.org/@handsontable/formulajs/download/@handsontable/formulajs-2.0.2.tgz",
      "integrity": "sha1-W+S5ImzEeBH2Rq5GsbmFIwzYKZU=",
      "requires": {
        "bessel": "^1.0.2",
        "jstat": "^1.9.2"
      }
    },
    "@types/pikaday": {
      "version": "1.7.4",
      "resolved": "https://registry.npm.taobao.org/@types/pikaday/download/@types/pikaday-1.7.4.tgz",
      "integrity": "sha1-qkH5KPD1rzGkplb0caeBd6kmCr8=",
      "requires": {
        "moment": ">=2.14.0"
      }
    },
    "adler-32": {
      "version": "1.2.0",
      "resolved": "https://registry.npmjs.org/adler-32/-/adler-32-1.2.0.tgz",
      "integrity": "sha1-aj5r8KY5ALoVZSgIyxXGgT0aXyU=",
      "requires": {
        "exit-on-epipe": "~1.0.1",
        "printj": "~1.1.0"
      }
    },
    "axios": {
      "version": "0.19.2",
      "resolved": "https://registry.npm.taobao.org/axios/download/axios-0.19.2.tgz?cache=0&sync_timestamp=1594827579302&other_urls=https%3A%2F%2Fregistry.npm.taobao.org%2Faxios%2Fdownload%2Faxios-0.19.2.tgz",
      "integrity": "sha1-PqNsXYgY0NX4qKl6bTa4bNwAyyc=",
      "requires": {
        "follow-redirects": "1.5.10"
      }
    },
    "bessel": {
      "version": "1.0.2",
      "resolved": "https://registry.npm.taobao.org/bessel/download/bessel-1.0.2.tgz",
      "integrity": "sha1-gogSKR4LYulJWc3qQ/rBhuinIC0="
    },
    "bignumber.js": {
      "version": "8.1.1",
      "resolved": "https://registry.npm.taobao.org/bignumber.js/download/bignumber.js-8.1.1.tgz",
      "integrity": "sha1-Swcq5a6pwg9nMOTl1SnfEnHE2IU="
    },
    "cfb": {
      "version": "1.2.0",
      "resolved": "https://registry.npmjs.org/cfb/-/cfb-1.2.0.tgz",
      "integrity": "sha512-sXMvHsKCICVR3Naq+J556K+ExBo9n50iKl6LGarlnvuA2035uMlGA/qVrc0wQtow5P1vJEw9UyrKLCbtIKz+TQ==",
      "requires": {
        "adler-32": "~1.2.0",
        "crc-32": "~1.2.0",
        "printj": "~1.1.2"
      }
    },
    "codemirror": {
      "version": "5.57.0",
      "resolved": "https://registry.npm.taobao.org/codemirror/download/codemirror-5.57.0.tgz",
      "integrity": "sha1-0mNlty+Qn10tu2sSCTScodrrLVA="
    },
    "codemirror-spell-checker": {
      "version": "1.1.2",
      "resolved": "https://registry.npmjs.org/codemirror-spell-checker/-/codemirror-spell-checker-1.1.2.tgz",
      "integrity": "sha1-HGYPkIlIPMtRE7m6nKGcP0mTNx4=",
      "requires": {
        "typo-js": "*"
      }
    },
    "codepage": {
      "version": "1.14.0",
      "resolved": "https://registry.npmjs.org/codepage/-/codepage-1.14.0.tgz",
      "integrity": "sha1-jL4lSBMjVZ19MHVxsP/5HnodL5k=",
      "requires": {
        "commander": "~2.14.1",
        "exit-on-epipe": "~1.0.1"
      },
      "dependencies": {
        "commander": {
          "version": "2.14.1",
          "resolved": "https://registry.npmjs.org/commander/-/commander-2.14.1.tgz",
          "integrity": "sha512-+YR16o3rK53SmWHU3rEM3tPAh2rwb1yPcQX5irVn7mb0gXbwuCCrnkbV5+PBfETdfg1vui07nM6PCG1zndcjQw=="
        }
      }
    },
    "commander": {
      "version": "2.20.3",
      "resolved": "https://registry.npm.taobao.org/commander/download/commander-2.20.3.tgz?cache=0&sync_timestamp=1595168236910&other_urls=https%3A%2F%2Fregistry.npm.taobao.org%2Fcommander%2Fdownload%2Fcommander-2.20.3.tgz",
      "integrity": "sha1-/UhehMA+tIgcIHIrpIA16FMa6zM="
    },
    "core-js": {
      "version": "3.6.5",
      "resolved": "https://registry.npm.taobao.org/core-js/download/core-js-3.6.5.tgz?cache=0&sync_timestamp=1586450269267&other_urls=https%3A%2F%2Fregistry.npm.taobao.org%2Fcore-js%2Fdownload%2Fcore-js-3.6.5.tgz",
      "integrity": "sha1-c5XcJzrzf7LlDpvT2f6EEoUjHRo="
    },
    "crc-32": {
      "version": "1.2.0",
      "resolved": "https://registry.npmjs.org/crc-32/-/crc-32-1.2.0.tgz",
      "integrity": "sha512-1uBwHxF+Y/4yF5G48fwnKq6QsIXheor3ZLPT80yGBV1oEUwpPojlEhQbWKVw1VwcTQyMGHK1/XMmTjmlsmTTGA==",
      "requires": {
        "exit-on-epipe": "~1.0.1",
        "printj": "~1.1.0"
      }
    },
    "cssfilter": {
      "version": "0.0.10",
      "resolved": "https://registry.npm.taobao.org/cssfilter/download/cssfilter-0.0.10.tgz",
      "integrity": "sha1-xtJnJjKi5cg+AT5oZKQs6N79IK4="
    },
    "debug": {
      "version": "3.1.0",
      "resolved": "https://registry.npm.taobao.org/debug/download/debug-3.1.0.tgz",
      "integrity": "sha1-W7WgZyYotkFJVmuhaBnmFRjGcmE=",
      "requires": {
        "ms": "2.0.0"
      }
    },
    "exit-on-epipe": {
      "version": "1.0.1",
      "resolved": "https://registry.npmjs.org/exit-on-epipe/-/exit-on-epipe-1.0.1.tgz",
      "integrity": "sha512-h2z5mrROTxce56S+pnvAV890uu7ls7f1kEvVGJbw1OlFH3/mlJ5bkXu0KRyW94v37zzHPiUd55iLn3DA7TjWpw=="
    },
    "follow-redirects": {
      "version": "1.5.10",
      "resolved": "https://registry.npm.taobao.org/follow-redirects/download/follow-redirects-1.5.10.tgz?cache=0&sync_timestamp=1592518405361&other_urls=https%3A%2F%2Fregistry.npm.taobao.org%2Ffollow-redirects%2Fdownload%2Ffollow-redirects-1.5.10.tgz",
      "integrity": "sha1-e3qfmuov3/NnhqlP9kPtB/T/Xio=",
      "requires": {
        "debug": "=3.1.0"
      }
    },
    "frac": {
      "version": "1.1.2",
      "resolved": "https://registry.npmjs.org/frac/-/frac-1.1.2.tgz",
      "integrity": "sha512-w/XBfkibaTl3YDqASwfDUqkna4Z2p9cFSr1aHDt0WoMTECnRfBOv2WArlZILlqgWlmdIlALXGpM2AOhEk5W3IA=="
    },
    "handsontable": {
      "version": "8.0.0",
      "resolved": "https://registry.npm.taobao.org/handsontable/download/handsontable-8.0.0.tgz?cache=0&sync_timestamp=1596625996091&other_urls=https%3A%2F%2Fregistry.npm.taobao.org%2Fhandsontable%2Fdownload%2Fhandsontable-8.0.0.tgz",
      "integrity": "sha1-wdIA7upbAbLKierJgXSax6rIDFM=",
      "requires": {
        "@types/pikaday": "1.7.4",
        "core-js": "^3.0.0",
        "hot-formula-parser": "^3.0.1",
        "moment": "2.24.0",
        "numbro": "2.1.2",
        "pikaday": "1.8.0"
      }
    },
    "hot-formula-parser": {
      "version": "3.0.2",
      "resolved": "https://registry.npm.taobao.org/hot-formula-parser/download/hot-formula-parser-3.0.2.tgz",
      "integrity": "sha1-1x8DpO9DujB0veODoONiArW2QRY=",
      "requires": {
        "@handsontable/formulajs": "^2.0.2",
        "tiny-emitter": "^2.1.0"
      }
    },
    "jstat": {
      "version": "1.9.3",
      "resolved": "https://registry.npm.taobao.org/jstat/download/jstat-1.9.3.tgz",
      "integrity": "sha1-ag5gw7h/1xS2HnZbd/xrA1Q37jQ="
    },
    "marked": {
      "version": "1.1.1",
      "resolved": "https://registry.npmjs.org/marked/-/marked-1.1.1.tgz",
      "integrity": "sha512-mJzT8D2yPxoPh7h0UXkB+dBj4FykPJ2OIfxAWeIHrvoHDkFxukV/29QxoFQoPM6RLEwhIFdJpmKBlqVM3s2ZIw=="
    },
    "moment": {
      "version": "2.24.0",
      "resolved": "https://registry.npm.taobao.org/moment/download/moment-2.24.0.tgz",
      "integrity": "sha1-DQVdU/UFKqZTyfbraLtdEr9cK1s="
    },
    "monaco-editor": {
      "version": "0.20.0",
      "resolved": "https://registry.npm.taobao.org/monaco-editor/download/monaco-editor-0.20.0.tgz",
      "integrity": "sha1-XVAJNDpVASRCbLTZZaTSejSLTeo="
    },
    "ms": {
      "version": "2.0.0",
      "resolved": "https://registry.npm.taobao.org/ms/download/ms-2.0.0.tgz",
      "integrity": "sha1-VgiurfwAvmwpAd9fmGF4jeDVl8g="
    },
    "numbro": {
      "version": "2.1.2",
      "resolved": "https://registry.npm.taobao.org/numbro/download/numbro-2.1.2.tgz",
      "integrity": "sha1-LVEQTwm11prvfhW7Vl13leR+z9Y=",
      "requires": {
        "bignumber.js": "^8.0.1"
      }
    },
    "pikaday": {
      "version": "1.8.0",
      "resolved": "https://registry.npm.taobao.org/pikaday/download/pikaday-1.8.0.tgz",
      "integrity": "sha1-zpMOJXBC6FLmqt7hEV4BVUstccU="
    },
    "printj": {
      "version": "1.1.2",
      "resolved": "https://registry.npmjs.org/printj/-/printj-1.1.2.tgz",
      "integrity": "sha512-zA2SmoLaxZyArQTOPj5LXecR+RagfPSU5Kw1qP+jkWeNlrq+eJZyY2oS68SU1Z/7/myXM4lo9716laOFAVStCQ=="
    },
    "simplemde": {
      "version": "1.11.2",
      "resolved": "https://registry.npmjs.org/simplemde/-/simplemde-1.11.2.tgz",
      "integrity": "sha1-ojo12XjSxA7wfewAjJLwcNjggOM=",
      "requires": {
        "codemirror": "*",
        "codemirror-spell-checker": "*",
        "marked": "*"
      }
    },
    "ssf": {
      "version": "0.11.2",
      "resolved": "https://registry.npmjs.org/ssf/-/ssf-0.11.2.tgz",
      "integrity": "sha512-+idbmIXoYET47hH+d7dfm2epdOMUDjqcB4648sTZ+t2JwoyBFL/insLfB/racrDmsKB3diwsDA696pZMieAC5g==",
      "requires": {
        "frac": "~1.1.2"
      }
    },
    "tiny-emitter": {
      "version": "2.1.0",
      "resolved": "https://registry.npm.taobao.org/tiny-emitter/download/tiny-emitter-2.1.0.tgz",
      "integrity": "sha1-HRpW7fxRxD6GPLtTgqcjMONVVCM="
    },
    "typo-js": {
      "version": "1.1.0",
      "resolved": "https://registry.npmjs.org/typo-js/-/typo-js-1.1.0.tgz",
      "integrity": "sha512-W3kLbx+ML9PBl5Bzso/lTvVxk4BCveSNAtQeht59FEtxCdGThmn6wSHA4Xq3eQYAK24NHdisMM4JmsK0GFy/pg=="
    },
    "vue": {
      "version": "2.6.12",
      "resolved": "https://registry.npm.taobao.org/vue/download/vue-2.6.12.tgz?cache=0&sync_timestamp=1598033891933&other_urls=https%3A%2F%2Fregistry.npm.taobao.org%2Fvue%2Fdownload%2Fvue-2.6.12.tgz",
      "integrity": "sha1-9evU+mvShpQD4pqJau1JBEVskSM="
    },
    "wmf": {
      "version": "1.0.2",
      "resolved": "https://registry.npmjs.org/wmf/-/wmf-1.0.2.tgz",
      "integrity": "sha512-/p9K7bEh0Dj6WbXg4JG0xvLQmIadrner1bi45VMJTfnbVHsc7yIajZyoSoK60/dtVBs12Fm6WkUI5/3WAVsNMw=="
    },
    "word": {
      "version": "0.3.0",
      "resolved": "https://registry.npmjs.org/word/-/word-0.3.0.tgz",
      "integrity": "sha512-OELeY0Q61OXpdUfTp+oweA/vtLVg5VDOXh+3he3PNzLGG/y0oylSOC1xRVj0+l4vQ3tj/bB1HVHv1ocXkQceFA=="
    },
    "xlsx": {
      "version": "0.16.6",
      "resolved": "https://registry.npmjs.org/xlsx/-/xlsx-0.16.6.tgz",
      "integrity": "sha512-iAPNt15C2umCx7Q6h9owZvNHRYVOImLp7Mc00uA4UhJvzjfM1OV3V7TgBXIHuawGF1G6GLXZr/r75e5jsiBefg==",
      "requires": {
        "adler-32": "~1.2.0",
        "cfb": "^1.1.4",
        "codepage": "~1.14.0",
        "commander": "~2.17.1",
        "crc-32": "~1.2.0",
        "exit-on-epipe": "~1.0.1",
        "ssf": "~0.11.2",
        "wmf": "~1.0.1",
        "word": "~0.3.0"
      },
      "dependencies": {
        "commander": {
          "version": "2.17.1",
          "resolved": "https://registry.npmjs.org/commander/-/commander-2.17.1.tgz",
          "integrity": "sha512-wPMUt6FnH2yzG95SA6mzjQOEKUU3aLaDEmzs1ti+1E9h+CsrZghRlqEM/EJ4KscsQVG8uNN4uVreUeT8+drlgg=="
        }
      }
    },
    "xss": {
      "version": "1.0.8",
      "resolved": "https://registry.npm.taobao.org/xss/download/xss-1.0.8.tgz?cache=0&sync_timestamp=1595842085686&other_urls=https%3A%2F%2Fregistry.npm.taobao.org%2Fxss%2Fdownload%2Fxss-1.0.8.tgz",
      "integrity": "sha1-Mv64f+t0s9zT1AS3poq6vxBwBTU=",
      "requires": {
        "commander": "^2.20.3",
        "cssfilter": "0.0.10"
      }
    }
  }
}
