{
  "name": "test-code",
  "version": "1.0.0",
  "lockfileVersion": 1,
  "requires": true,
  "dependencies": {
    "@handsontable/formulajs": {
      "version": "2.0.2",
      "resolved": "https://registry.npm.taobao.org/@handsontable/formulajs/download/@handsontable/formulajs-2.0.2.tgz",
      "integrity": "sha1-W+S5ImzEeBH2Rq5GsbmFIwzYKZU=",
      "requires": {
        "bessel": "^1.0.2",
        "jstat": "^1.9.2"
      }
    },
    "@types/pikaday": {
      "version": "1.7.4",
      "resolved": "https://registry.npm.taobao.org/@types/pikaday/download/@types/pikaday-1.7.4.tgz",
      "integrity": "sha1-qkH5KPD1rzGkplb0caeBd6kmCr8=",
      "requires": {
        "moment": ">=2.14.0"
      }
    },
    "axios": {
      "version": "0.19.2",
      "resolved": "https://registry.npm.taobao.org/axios/download/axios-0.19.2.tgz?cache=0&sync_timestamp=1594827579302&other_urls=https%3A%2F%2Fregistry.npm.taobao.org%2Faxios%2Fdownload%2Faxios-0.19.2.tgz",
      "integrity": "sha1-PqNsXYgY0NX4qKl6bTa4bNwAyyc=",
      "requires": {
        "follow-redirects": "1.5.10"
      }
    },
    "bessel": {
      "version": "1.0.2",
      "resolved": "https://registry.npm.taobao.org/bessel/download/bessel-1.0.2.tgz",
      "integrity": "sha1-gogSKR4LYulJWc3qQ/rBhuinIC0="
    },
    "bignumber.js": {
      "version": "8.1.1",
      "resolved": "https://registry.npm.taobao.org/bignumber.js/download/bignumber.js-8.1.1.tgz",
      "integrity": "sha1-Swcq5a6pwg9nMOTl1SnfEnHE2IU="
    },
    "codemirror": {
      "version": "5.57.0",
      "resolved": "https://registry.npm.taobao.org/codemirror/download/codemirror-5.57.0.tgz",
      "integrity": "sha1-0mNlty+Qn10tu2sSCTScodrrLVA="
    },
    "commander": {
      "version": "2.20.3",
      "resolved": "https://registry.npm.taobao.org/commander/download/commander-2.20.3.tgz?cache=0&sync_timestamp=1595168236910&other_urls=https%3A%2F%2Fregistry.npm.taobao.org%2Fcommander%2Fdownload%2Fcommander-2.20.3.tgz",
      "integrity": "sha1-/UhehMA+tIgcIHIrpIA16FMa6zM="
    },
    "core-js": {
      "version": "3.6.5",
      "resolved": "https://registry.npm.taobao.org/core-js/download/core-js-3.6.5.tgz?cache=0&sync_timestamp=1586450269267&other_urls=https%3A%2F%2Fregistry.npm.taobao.org%2Fcore-js%2Fdownload%2Fcore-js-3.6.5.tgz",
      "integrity": "sha1-c5XcJzrzf7LlDpvT2f6EEoUjHRo="
    },
    "cssfilter": {
      "version": "0.0.10",
      "resolved": "https://registry.npm.taobao.org/cssfilter/download/cssfilter-0.0.10.tgz",
      "integrity": "sha1-xtJnJjKi5cg+AT5oZKQs6N79IK4="
    },
    "debug": {
      "version": "3.1.0",
      "resolved": "https://registry.npm.taobao.org/debug/download/debug-3.1.0.tgz",
      "integrity": "sha1-W7WgZyYotkFJVmuhaBnmFRjGcmE=",
      "requires": {
        "ms": "2.0.0"
      }
    },
    "follow-redirects": {
      "version": "1.5.10",
      "resolved": "https://registry.npm.taobao.org/follow-redirects/download/follow-redirects-1.5.10.tgz?cache=0&sync_timestamp=1592518405361&other_urls=https%3A%2F%2Fregistry.npm.taobao.org%2Ffollow-redirects%2Fdownload%2Ffollow-redirects-1.5.10.tgz",
      "integrity": "sha1-e3qfmuov3/NnhqlP9kPtB/T/Xio=",
      "requires": {
        "debug": "=3.1.0"
      }
    },
    "handsontable": {
      "version": "8.0.0",
      "resolved": "https://registry.npm.taobao.org/handsontable/download/handsontable-8.0.0.tgz?cache=0&sync_timestamp=1596625996091&other_urls=https%3A%2F%2Fregistry.npm.taobao.org%2Fhandsontable%2Fdownload%2Fhandsontable-8.0.0.tgz",
      "integrity": "sha1-wdIA7upbAbLKierJgXSax6rIDFM=",
      "requires": {
        "@types/pikaday": "1.7.4",
        "core-js": "^3.0.0",
        "hot-formula-parser": "^3.0.1",
        "moment": "2.24.0",
        "numbro": "2.1.2",
        "pikaday": "1.8.0"
      }
    },
    "hot-formula-parser": {
      "version": "3.0.2",
      "resolved": "https://registry.npm.taobao.org/hot-formula-parser/download/hot-formula-parser-3.0.2.tgz",
      "integrity": "sha1-1x8DpO9DujB0veODoONiArW2QRY=",
      "requires": {
        "@handsontable/formulajs": "^2.0.2",
        "tiny-emitter": "^2.1.0"
      }
    },
    "jstat": {
      "version": "1.9.3",
      "resolved": "https://registry.npm.taobao.org/jstat/download/jstat-1.9.3.tgz",
      "integrity": "sha1-ag5gw7h/1xS2HnZbd/xrA1Q37jQ="
    },
    "moment": {
      "version": "2.24.0",
      "resolved": "https://registry.npm.taobao.org/moment/download/moment-2.24.0.tgz",
      "integrity": "sha1-DQVdU/UFKqZTyfbraLtdEr9cK1s="
    },
    "monaco-editor": {
      "version": "0.20.0",
      "resolved": "https://registry.npm.taobao.org/monaco-editor/download/monaco-editor-0.20.0.tgz",
      "integrity": "sha1-XVAJNDpVASRCbLTZZaTSejSLTeo="
    },
    "ms": {
      "version": "2.0.0",
      "resolved": "https://registry.npm.taobao.org/ms/download/ms-2.0.0.tgz",
      "integrity": "sha1-VgiurfwAvmwpAd9fmGF4jeDVl8g="
    },
    "numbro": {
      "version": "2.1.2",
      "resolved": "https://registry.npm.taobao.org/numbro/download/numbro-2.1.2.tgz",
      "integrity": "sha1-LVEQTwm11prvfhW7Vl13leR+z9Y=",
      "requires": {
        "bignumber.js": "^8.0.1"
      }
    },
    "pikaday": {
      "version": "1.8.0",
      "resolved": "https://registry.npm.taobao.org/pikaday/download/pikaday-1.8.0.tgz",
      "integrity": "sha1-zpMOJXBC6FLmqt7hEV4BVUstccU="
    },
    "tiny-emitter": {
      "version": "2.1.0",
      "resolved": "https://registry.npm.taobao.org/tiny-emitter/download/tiny-emitter-2.1.0.tgz",
      "integrity": "sha1-HRpW7fxRxD6GPLtTgqcjMONVVCM="
    },
    "vue": {
      "version": "2.6.12",
      "resolved": "https://registry.npm.taobao.org/vue/download/vue-2.6.12.tgz?cache=0&sync_timestamp=1598033891933&other_urls=https%3A%2F%2Fregistry.npm.taobao.org%2Fvue%2Fdownload%2Fvue-2.6.12.tgz",
      "integrity": "sha1-9evU+mvShpQD4pqJau1JBEVskSM="
    },
    "xss": {
      "version": "1.0.8",
      "resolved": "https://registry.npm.taobao.org/xss/download/xss-1.0.8.tgz?cache=0&sync_timestamp=1595842085686&other_urls=https%3A%2F%2Fregistry.npm.taobao.org%2Fxss%2Fdownload%2Fxss-1.0.8.tgz",
      "integrity": "sha1-Mv64f+t0s9zT1AS3poq6vxBwBTU=",
      "requires": {
        "commander": "^2.20.3",
        "cssfilter": "0.0.10"
      }
    }
  }
}
